
Microsoft Visual Studio Solution File, Format Version 12.00
# Visual Studio Version 16
VisualStudioVersion = 16.0.29503.13
MinimumVisualStudioVersion = 10.0.40219.1
Project("{FAE04EC0-301F-11D3-BF4B-00C04F79EFBC}") = "FileSplitter", "FileSplitter\FileSplitter.csproj", "{3AC24869-D080-41A7-BF9C-1D6A91D141B0}"
EndProject
Global
	GlobalSection(SolutionConfigurationPlatforms) = preSolution
		Debug|Any CPU = Debug|Any CPU
		Release|Any CPU = Release|Any CPU
	EndGlobalSection
	GlobalSection(ProjectConfigurationPlatforms) = postSolution
		{3AC24869-D080-41A7-BF9C-1D6A91D141B0}.Debug|Any CPU.ActiveCfg = Debug|Any CPU
		{3AC24869-D080-41A7-BF9C-1D6A91D141B0}.Debug|Any CPU.Build.0 = Debug|Any CPU
		{3AC24869-D080-41A7-BF9C-1D6A91D141B0}.Release|Any CPU.ActiveCfg = Release|Any CPU
		{3AC24869-D080-41A7-BF9C-1D6A91D141B0}.Release|Any CPU.Build.0 = Release|Any CPU
	EndGlobalSection
	GlobalSection(SolutionProperties) = preSolution
		HideSolutionNode = FALSE
	EndGlobalSection
	GlobalSection(ExtensibilityGlobals) = postSolution
		SolutionGuid = {0B2DDB12-8A76-4317-A83D-C5325C249E26}
	EndGlobalSection
EndGlobal
